// !$*UTF8*$!
{
	archiveVersion = 1;
	classes = {
	};
	objectVersion = 46;
	objects = {

/* Begin PBXBuildFile section */
		B24C79E41B84203F00AF911E /* main.m in Sources */ = {isa = PBXBuildFile; fileRef = B24C79E31B84203F00AF911E /* main.m */; };
		B24C79E71B84203F00AF911E /* AppDelegate.m in Sources */ = {isa = PBXBuildFile; fileRef = B24C79E61B84203F00AF911E /* AppDelegate.m */; };
		B24C79EA1B84203F00AF911E /* MAREDO.xcdatamodeld in Sources */ = {isa = PBXBuildFile; fileRef = B24C79E81B84203F00AF911E /* MAREDO.xcdatamodeld */; };
		B24C79ED1B84203F00AF911E /* ViewController.m in Sources */ = {isa = PBXBuildFile; fileRef = B24C79EC1B84203F00AF911E /* ViewController.m */; };
		B24C79F01B84203F00AF911E /* Main.storyboard in Resources */ = {isa = PBXBuildFile; fileRef = B24C79EE1B84203F00AF911E /* Main.storyboard */; };
		B24C79F21B84203F00AF911E /* Images.xcassets in Resources */ = {isa = PBXBuildFile; fileRef = B24C79F11B84203F00AF911E /* Images.xcassets */; };
		B24C79F51B84203F00AF911E /* LaunchScreen.xib in Resources */ = {isa = PBXBuildFile; fileRef = B24C79F31B84203F00AF911E /* LaunchScreen.xib */; };
		B24C7A011B84204000AF911E /* MAREDOTests.m in Sources */ = {isa = PBXBuildFile; fileRef = B24C7A001B84204000AF911E /* MAREDOTests.m */; };
		B24C7A0F1B84511A00AF911E /* LandingPageVC.m in Sources */ = {isa = PBXBuildFile; fileRef = B24C7A0E1B84511A00AF911E /* LandingPageVC.m */; };
		B24C7A131B845F2C00AF911E /* CJADScrollView.m in Sources */ = {isa = PBXBuildFile; fileRef = B24C7A121B845F2C00AF911E /* CJADScrollView.m */; };
		B24C7A1E1B845F4000AF911E /* instagramCVC.m in Sources */ = {isa = PBXBuildFile; fileRef = B24C7A151B845F4000AF911E /* instagramCVC.m */; };
		B24C7A1F1B845F4000AF911E /* instagramShoesInfoVC.m in Sources */ = {isa = PBXBuildFile; fileRef = B24C7A171B845F4000AF911E /* instagramShoesInfoVC.m */; };
		B24C7A201B845F4000AF911E /* menCVC.m in Sources */ = {isa = PBXBuildFile; fileRef = B24C7A191B845F4000AF911E /* menCVC.m */; };
		B24C7A211B845F4000AF911E /* CollectionHeaderReusableView.m in Sources */ = {isa = PBXBuildFile; fileRef = B24C7A1B1B845F4000AF911E /* CollectionHeaderReusableView.m */; };
		B24C7A221B845F4000AF911E /* HomeTVC.m in Sources */ = {isa = PBXBuildFile; fileRef = B24C7A1D1B845F4000AF911E /* HomeTVC.m */; };
		B24C7A251B845FA600AF911E /* shoes.m in Sources */ = {isa = PBXBuildFile; fileRef = B24C7A241B845FA600AF911E /* shoes.m */; };
		B24C7A411B845FE900AF911E /* Info.plist in Resources */ = {isa = PBXBuildFile; fileRef = B24C7A271B845FE900AF911E /* Info.plist */; };
		B24C7A421B845FE900AF911E /* MASCompositeConstraint.m in Sources */ = {isa = PBXBuildFile; fileRef = B24C7A291B845FE900AF911E /* MASCompositeConstraint.m */; };
		B24C7A431B845FE900AF911E /* MASConstraint.m in Sources */ = {isa = PBXBuildFile; fileRef = B24C7A2C1B845FE900AF911E /* MASConstraint.m */; };
		B24C7A441B845FE900AF911E /* MASConstraintMaker.m in Sources */ = {isa = PBXBuildFile; fileRef = B24C7A2E1B845FE900AF911E /* MASConstraintMaker.m */; };
		B24C7A451B845FE900AF911E /* MASLayoutConstraint.m in Sources */ = {isa = PBXBuildFile; fileRef = B24C7A301B845FE900AF911E /* MASLayoutConstraint.m */; };
		B24C7A461B845FE900AF911E /* MASViewAttribute.m in Sources */ = {isa = PBXBuildFile; fileRef = B24C7A341B845FE900AF911E /* MASViewAttribute.m */; };
		B24C7A471B845FE900AF911E /* MASViewConstraint.m in Sources */ = {isa = PBXBuildFile; fileRef = B24C7A361B845FE900AF911E /* MASViewConstraint.m */; };
		B24C7A481B845FE900AF911E /* NSArray+MASAdditions.m in Sources */ = {isa = PBXBuildFile; fileRef = B24C7A381B845FE900AF911E /* NSArray+MASAdditions.m */; };
		B24C7A491B845FE900AF911E /* NSLayoutConstraint+MASDebugAdditions.m in Sources */ = {isa = PBXBuildFile; fileRef = B24C7A3B1B845FE900AF911E /* NSLayoutConstraint+MASDebugAdditions.m */; };
		B24C7A4A1B845FE900AF911E /* View+MASAdditions.m in Sources */ = {isa = PBXBuildFile; fileRef = B24C7A3D1B845FE900AF911E /* View+MASAdditions.m */; };
		B24C7A4B1B845FE900AF911E /* ViewController+MASAdditions.m in Sources */ = {isa = PBXBuildFile; fileRef = B24C7A401B845FE900AF911E /* ViewController+MASAdditions.m */; };
		B24C7A4E1B8464BE00AF911E /* womenCVC.m in Sources */ = {isa = PBXBuildFile; fileRef = B24C7A4D1B8464BE00AF911E /* womenCVC.m */; };
/* End PBXBuildFile section */

/* Begin PBXContainerItemProxy section */
		B24C79FB1B84204000AF911E /* PBXContainerItemProxy */ = {
			isa = PBXContainerItemProxy;
			containerPortal = B24C79D61B84203F00AF911E /* Project object */;
			proxyType = 1;
			remoteGlobalIDString = B24C79DD1B84203F00AF911E;
			remoteInfo = MAREDO;
		};
/* End PBXContainerItemProxy section */

/* Begin PBXFileReference section */
		B24C79DE1B84203F00AF911E /* MAREDO.app */ = {isa = PBXFileReference; explicitFileType = wrapper.application; includeInIndex = 0; path = MAREDO.app; sourceTree = BUILT_PRODUCTS_DIR; };
		B24C79E21B84203F00AF911E /* Info.plist */ = {isa = PBXFileReference; lastKnownFileType = text.plist.xml; path = Info.plist; sourceTree = "<group>"; };
		B24C79E31B84203F00AF911E /* main.m */ = {isa = PBXFileReference; lastKnownFileType = sourcecode.c.objc; path = main.m; sourceTree = "<group>"; };
		B24C79E51B84203F00AF911E /* AppDelegate.h */ = {isa = PBXFileReference; lastKnownFileType = sourcecode.c.h; path = AppDelegate.h; sourceTree = "<group>"; };
		B24C79E61B84203F00AF911E /* AppDelegate.m */ = {isa = PBXFileReference; lastKnownFileType = sourcecode.c.objc; path = AppDelegate.m; sourceTree = "<group>"; };
		B24C79E91B84203F00AF911E /* MAREDO.xcdatamodel */ = {isa = PBXFileReference; lastKnownFileType = wrapper.xcdatamodel; path = MAREDO.xcdatamodel; sourceTree = "<group>"; };
		B24C79EF1B84203F00AF911E /* Base */ = {isa = PBXFileReference; lastKnownFileType = file.storyboard; name = Base; path = Base.lproj/Main.storyboard; sourceTree = "<group>"; };
		B24C79F11B84203F00AF911E /* Images.xcassets */ = {isa = PBXFileReference; lastKnownFileType = folder.assetcatalog; path = Images.xcassets; sourceTree = "<group>"; };
		B24C79F41B84203F00AF911E /* Base */ = {isa = PBXFileReference; lastKnownFileType = file.xib; name = Base; path = Base.lproj/LaunchScreen.xib; sourceTree = "<group>"; };
		B24C79FA1B84204000AF911E /* MAREDOTests.xctest */ = {isa = PBXFileReference; explicitFileType = wrapper.cfbundle; includeInIndex = 0; path = MAREDOTests.xctest; sourceTree = BUILT_PRODUCTS_DIR; };
		B24C79FF1B84204000AF911E /* Info.plist */ = {isa = PBXFileReference; lastKnownFileType = text.plist.xml; path = Info.plist; sourceTree = "<group>"; };
		B24C7A001B84204000AF911E /* MAREDOTests.m */ = {isa = PBXFileReference; lastKnownFileType = sourcecode.c.objc; path = MAREDOTests.m; sourceTree = "<group>"; };
		B24C7A0D1B84511A00AF911E /* LandingPageVC.h */ = {isa = PBXFileReference; fileEncoding = 4; lastKnownFileType = sourcecode.c.h; path = LandingPageVC.h; sourceTree = "<group>"; };
		B24C7A0E1B84511A00AF911E /* LandingPageVC.m */ = {isa = PBXFileReference; fileEncoding = 4; lastKnownFileType = sourcecode.c.objc; path = LandingPageVC.m; sourceTree = "<group>"; };
		B24C7A111B845F2C00AF911E /* CJADScrollView.h */ = {isa = PBXFileReference; fileEncoding = 4; lastKnownFileType = sourcecode.c.h; path = CJADScrollView.h; sourceTree = "<group>"; };
		B24C7A121B845F2C00AF911E /* CJADScrollView.m */ = {isa = PBXFileReference; fileEncoding = 4; lastKnownFileType = sourcecode.c.objc; path = CJADScrollView.m; sourceTree = "<group>"; };
		B24C7A141B845F4000AF911E /* instagramCVC.h */ = {isa = PBXFileReference; fileEncoding = 4; lastKnownFileType = sourcecode.c.h; path = instagramCVC.h; sourceTree = "<group>"; };
		B24C7A151B845F4000AF911E /* instagramCVC.m */ = {isa = PBXFileReference; fileEncoding = 4; lastKnownFileType = sourcecode.c.objc; path = instagramCVC.m; sourceTree = "<group>"; };
		B24C7A161B845F4000AF911E /* instagramShoesInfoVC.h */ = {isa = PBXFileReference; fileEncoding = 4; lastKnownFileType = sourcecode.c.h; path = instagramShoesInfoVC.h; sourceTree = "<group>"; };
		B24C7A171B845F4000AF911E /* instagramShoesInfoVC.m */ = {isa = PBXFileReference; fileEncoding = 4; lastKnownFileType = sourcecode.c.objc; path = instagramShoesInfoVC.m; sourceTree = "<group>"; };
		B24C7A181B845F4000AF911E /* menCVC.h */ = {isa = PBXFileReference; fileEncoding = 4; lastKnownFileType = sourcecode.c.h; path = menCVC.h; sourceTree = "<group>"; };
		B24C7A191B845F4000AF911E /* menCVC.m */ = {isa = PBXFileReference; fileEncoding = 4; lastKnownFileType = sourcecode.c.objc; path = menCVC.m; sourceTree = "<group>"; };
		B24C7A1A1B845F4000AF911E /* CollectionHeaderReusableView.h */ = {isa = PBXFileReference; fileEncoding = 4; lastKnownFileType = sourcecode.c.h; path = CollectionHeaderReusableView.h; sourceTree = "<group>"; };
		B24C7A1B1B845F4000AF911E /* CollectionHeaderReusableView.m */ = {isa = PBXFileReference; fileEncoding = 4; lastKnownFileType = sourcecode.c.objc; path = CollectionHeaderReusableView.m; sourceTree = "<group>"; };
		B24C7A1C1B845F4000AF911E /* HomeTVC.h */ = {isa = PBXFileReference; fileEncoding = 4; lastKnownFileType = sourcecode.c.h; path = HomeTVC.h; sourceTree = "<group>"; };
		B24C7A1D1B845F4000AF911E /* HomeTVC.m */ = {isa = PBXFileReference; fileEncoding = 4; lastKnownFileType = sourcecode.c.objc; path = HomeTVC.m; sourceTree = "<group>"; };
		B24C7A231B845FA600AF911E /* shoes.h */ = {isa = PBXFileReference; fileEncoding = 4; lastKnownFileType = sourcecode.c.h; path = shoes.h; sourceTree = "<group>"; };
		B24C7A241B845FA600AF911E /* shoes.m */ = {isa = PBXFileReference; fileEncoding = 4; lastKnownFileType = sourcecode.c.objc; path = shoes.m; sourceTree = "<group>"; };
		B24C7A271B845FE900AF911E /* Info.plist */ = {isa = PBXFileReference; fileEncoding = 4; lastKnownFileType = text.plist.xml; path = Info.plist; sourceTree = "<group>"; };
		B24C7A281B845FE900AF911E /* MASCompositeConstraint.h */ = {isa = PBXFileReference; fileEncoding = 4; lastKnownFileType = sourcecode.c.h; path = MASCompositeConstraint.h; sourceTree = "<group>"; };
		B24C7A291B845FE900AF911E /* MASCompositeConstraint.m */ = {isa = PBXFileReference; fileEncoding = 4; lastKnownFileType = sourcecode.c.objc; path = MASCompositeConstraint.m; sourceTree = "<group>"; };
		B24C7A2A1B845FE900AF911E /* MASConstraint+Private.h */ = {isa = PBXFileReference; fileEncoding = 4; lastKnownFileType = sourcecode.c.h; path = "MASConstraint+Private.h"; sourceTree = "<group>"; };
		B24C7A2B1B845FE900AF911E /* MASConstraint.h */ = {isa = PBXFileReference; fileEncoding = 4; lastKnownFileType = sourcecode.c.h; path = MASConstraint.h; sourceTree = "<group>"; };
		B24C7A2C1B845FE900AF911E /* MASConstraint.m */ = {isa = PBXFileReference; fileEncoding = 4; lastKnownFileType = sourcecode.c.objc; path = MASConstraint.m; sourceTree = "<group>"; };
		B24C7A2D1B845FE900AF911E /* MASConstraintMaker.h */ = {isa = PBXFileReference; fileEncoding = 4; lastKnownFileType = sourcecode.c.h; path = MASConstraintMaker.h; sourceTree = "<group>"; };
		B24C7A2E1B845FE900AF911E /* MASConstraintMaker.m */ = {isa = PBXFileReference; fileEncoding = 4; lastKnownFileType = sourcecode.c.objc; path = MASConstraintMaker.m; sourceTree = "<group>"; };
		B24C7A2F1B845FE900AF911E /* MASLayoutConstraint.h */ = {isa = PBXFileReference; fileEncoding = 4; lastKnownFileType = sourcecode.c.h; path = MASLayoutConstraint.h; sourceTree = "<group>"; };
		B24C7A301B845FE900AF911E /* MASLayoutConstraint.m */ = {isa = PBXFileReference; fileEncoding = 4; lastKnownFileType = sourcecode.c.objc; path = MASLayoutConstraint.m; sourceTree = "<group>"; };
		B24C7A311B845FE900AF911E /* Masonry.h */ = {isa = PBXFileReference; fileEncoding = 4; lastKnownFileType = sourcecode.c.h; path = Masonry.h; sourceTree = "<group>"; };
		B24C7A321B845FE900AF911E /* MASUtilities.h */ = {isa = PBXFileReference; fileEncoding = 4; lastKnownFileType = sourcecode.c.h; path = MASUtilities.h; sourceTree = "<group>"; };
		B24C7A331B845FE900AF911E /* MASViewAttribute.h */ = {isa = PBXFileReference; fileEncoding = 4; lastKnownFileType = sourcecode.c.h; path = MASViewAttribute.h; sourceTree = "<group>"; };
		B24C7A341B845FE900AF911E /* MASViewAttribute.m */ = {isa = PBXFileReference; fileEncoding = 4; lastKnownFileType = sourcecode.c.objc; path = MASViewAttribute.m; sourceTree = "<group>"; };
		B24C7A351B845FE900AF911E /* MASViewConstraint.h */ = {isa = PBXFileReference; fileEncoding = 4; lastKnownFileType = sourcecode.c.h; path = MASViewConstraint.h; sourceTree = "<group>"; };
		B24C7A361B845FE900AF911E /* MASViewConstraint.m */ = {isa = PBXFileReference; fileEncoding = 4; lastKnownFileType = sourcecode.c.objc; path = MASViewConstraint.m; sourceTree = "<group>"; };
		B24C7A371B845FE900AF911E /* NSArray+MASAdditions.h */ = {isa = PBXFileReference; fileEncoding = 4; lastKnownFileType = sourcecode.c.h; path = "NSArray+MASAdditions.h"; sourceTree = "<group>"; };
		B24C7A381B845FE900AF911E /* NSArray+MASAdditions.m */ = {isa = PBXFileReference; fileEncoding = 4; lastKnownFileType = sourcecode.c.objc; path = "NSArray+MASAdditions.m"; sourceTree = "<group>"; };
		B24C7A391B845FE900AF911E /* NSArray+MASShorthandAdditions.h */ = {isa = PBXFileReference; fileEncoding = 4; lastKnownFileType = sourcecode.c.h; path = "NSArray+MASShorthandAdditions.h"; sourceTree = "<group>"; };
		B24C7A3A1B845FE900AF911E /* NSLayoutConstraint+MASDebugAdditions.h */ = {isa = PBXFileReference; fileEncoding = 4; lastKnownFileType = sourcecode.c.h; path = "NSLayoutConstraint+MASDebugAdditions.h"; sourceTree = "<group>"; };
		B24C7A3B1B845FE900AF911E /* NSLayoutConstraint+MASDebugAdditions.m */ = {isa = PBXFileReference; fileEncoding = 4; lastKnownFileType = sourcecode.c.objc; path = "NSLayoutConstraint+MASDebugAdditions.m"; sourceTree = "<group>"; };
		B24C7A3C1B845FE900AF911E /* View+MASAdditions.h */ = {isa = PBXFileReference; fileEncoding = 4; lastKnownFileType = sourcecode.c.h; path = "View+MASAdditions.h"; sourceTree = "<group>"; };
		B24C7A3D1B845FE900AF911E /* View+MASAdditions.m */ = {isa = PBXFileReference; fileEncoding = 4; lastKnownFileType = sourcecode.c.objc; path = "View+MASAdditions.m"; sourceTree = "<group>"; };
		B24C7A3E1B845FE900AF911E /* View+MASShorthandAdditions.h */ = {isa = PBXFileReference; fileEncoding = 4; lastKnownFileType = sourcecode.c.h; path = "View+MASShorthandAdditions.h"; sourceTree = "<group>"; };
		B24C7A3F1B845FE900AF911E /* ViewController+MASAdditions.h */ = {isa = PBXFileReference; fileEncoding = 4; lastKnownFileType = sourcecode.c.h; path = "ViewController+MASAdditions.h"; sourceTree = "<group>"; };
		B24C7A401B845FE900AF911E /* ViewController+MASAdditions.m */ = {isa = PBXFileReference; fileEncoding = 4; lastKnownFileType = sourcecode.c.objc; path = "ViewController+MASAdditions.m"; sourceTree = "<group>"; };
		B24C7A4C1B8464BE00AF911E /* womenCVC.h */ = {isa = PBXFileReference; fileEncoding = 4; lastKnownFileType = sourcecode.c.h; path = womenCVC.h; sourceTree = "<group>"; };
		B24C7A4D1B8464BE00AF911E /* womenCVC.m */ = {isa = PBXFileReference; fileEncoding = 4; lastKnownFileType = sourcecode.c.objc; path = womenCVC.m; sourceTree = "<group>"; };
/* End PBXFileReference section */

/* Begin PBXFrameworksBuildPhase section */
		B24C79DB1B84203F00AF911E /* Frameworks */ = {
			isa = PBXFrameworksBuildPhase;
			buildActionMask = 2147483647;
			files = (
			);
			runOnlyForDeploymentPostprocessing = 0;
		};
		B24C79F71B84204000AF911E /* Frameworks */ = {
			isa = PBXFrameworksBuildPhase;
			buildActionMask = 2147483647;
			files = (
			);
			runOnlyForDeploymentPostprocessing = 0;
		};
/* End PBXFrameworksBuildPhase section */

/* Begin PBXGroup section */
		B24C79D51B84203F00AF911E = {
			isa = PBXGroup;
			children = (
				B24C79E01B84203F00AF911E /* MAREDO */,
				B24C79FD1B84204000AF911E /* MAREDOTests */,
				B24C79DF1B84203F00AF911E /* Products */,
			);
			sourceTree = "<group>";
		};
		B24C79DF1B84203F00AF911E /* Products */ = {
			isa = PBXGroup;
			children = (
				B24C79DE1B84203F00AF911E /* MAREDO.app */,
				B24C79FA1B84204000AF911E /* MAREDOTests.xctest */,
			);
			name = Products;
			sourceTree = "<group>";
		};
		B24C79E01B84203F00AF911E /* MAREDO */ = {
			isa = PBXGroup;
			children = (
				B24C79E51B84203F00AF911E /* AppDelegate.h */,
				B24C79E61B84203F00AF911E /* AppDelegate.m */,
				B24C7A101B845F0500AF911E /* Libraries */,
				B24C7A0C1B8450C600AF911E /* views */,
				B24C7A0B1B8450B200AF911E /* Models */,
				B24C7A0A1B8450A600AF911E /* controllers */,
				B24C79F11B84203F00AF911E /* Images.xcassets */,
				B24C79F31B84203F00AF911E /* LaunchScreen.xib */,
				B24C79E81B84203F00AF911E /* MAREDO.xcdatamodeld */,
				B24C79E11B84203F00AF911E /* Supporting Files */,
			);
			path = MAREDO;
			sourceTree = "<group>";
		};
		B24C79E11B84203F00AF911E /* Supporting Files */ = {
			isa = PBXGroup;
			children = (
				B24C79E21B84203F00AF911E /* Info.plist */,
				B24C79E31B84203F00AF911E /* main.m */,
			);
			name = "Supporting Files";
			sourceTree = "<group>";
		};
		B24C79FD1B84204000AF911E /* MAREDOTests */ = {
			isa = PBXGroup;
			children = (
				B24C7A001B84204000AF911E /* MAREDOTests.m */,
				B24C79FE1B84204000AF911E /* Supporting Files */,
			);
			path = MAREDOTests;
			sourceTree = "<group>";
		};
		B24C79FE1B84204000AF911E /* Supporting Files */ = {
			isa = PBXGroup;
			children = (
				B24C79FF1B84204000AF911E /* Info.plist */,
			);
			name = "Supporting Files";
			sourceTree = "<group>";
		};
		B24C7A0A1B8450A600AF911E /* controllers */ = {
			isa = PBXGroup;
			children = (
				B24C7A0D1B84511A00AF911E /* LandingPageVC.h */,
				B24C7A0E1B84511A00AF911E /* LandingPageVC.m */,
				B24C7A141B845F4000AF911E /* instagramCVC.h */,
				B24C7A151B845F4000AF911E /* instagramCVC.m */,
				B24C7A161B845F4000AF911E /* instagramShoesInfoVC.h */,
				B24C7A171B845F4000AF911E /* instagramShoesInfoVC.m */,
				B24C7A181B845F4000AF911E /* menCVC.h */,
				B24C7A191B845F4000AF911E /* menCVC.m */,
				B24C7A4C1B8464BE00AF911E /* womenCVC.h */,
				B24C7A4D1B8464BE00AF911E /* womenCVC.m */,
				B24C7A1A1B845F4000AF911E /* CollectionHeaderReusableView.h */,
				B24C7A1B1B845F4000AF911E /* CollectionHeaderReusableView.m */,
				B24C7A1C1B845F4000AF911E /* HomeTVC.h */,
				B24C7A1D1B845F4000AF911E /* HomeTVC.m */,
			);
			name = controllers;
			sourceTree = "<group>";
		};
		B24C7A0B1B8450B200AF911E /* Models */ = {
			isa = PBXGroup;
			children = (
				B24C7A231B845FA600AF911E /* shoes.h */,
				B24C7A241B845FA600AF911E /* shoes.m */,
			);
			name = Models;
			sourceTree = "<group>";
		};
		B24C7A0C1B8450C600AF911E /* views */ = {
			isa = PBXGroup;
			children = (
				B24C79EE1B84203F00AF911E /* Main.storyboard */,
			);
			name = views;
			sourceTree = "<group>";
		};
		B24C7A101B845F0500AF911E /* Libraries */ = {
			isa = PBXGroup;
			children = (
				B24C7A111B845F2C00AF911E /* CJADScrollView.h */,
				B24C7A121B845F2C00AF911E /* CJADScrollView.m */,
				B24C7A261B845FE900AF911E /* Masonry */,
			);
			name = Libraries;
			sourceTree = "<group>";
		};
		B24C7A261B845FE900AF911E /* Masonry */ = {
			isa = PBXGroup;
			children = (
				B24C7A271B845FE900AF911E /* Info.plist */,
				B24C7A281B845FE900AF911E /* MASCompositeConstraint.h */,
				B24C7A291B845FE900AF911E /* MASCompositeConstraint.m */,
				B24C7A2A1B845FE900AF911E /* MASConstraint+Private.h */,
				B24C7A2B1B845FE900AF911E /* MASConstraint.h */,
				B24C7A2C1B845FE900AF911E /* MASConstraint.m */,
				B24C7A2D1B845FE900AF911E /* MASConstraintMaker.h */,
				B24C7A2E1B845FE900AF911E /* MASConstraintMaker.m */,
				B24C7A2F1B845FE900AF911E /* MASLayoutConstraint.h */,
				B24C7A301B845FE900AF911E /* MASLayoutConstraint.m */,
				B24C7A311B845FE900AF911E /* Masonry.h */,
				B24C7A321B845FE900AF911E /* MASUtilities.h */,
				B24C7A331B845FE900AF911E /* MASViewAttribute.h */,
				B24C7A341B845FE900AF911E /* MASViewAttribute.m */,
				B24C7A351B845FE900AF911E /* MASViewConstraint.h */,
				B24C7A361B845FE900AF911E /* MASViewConstraint.m */,
				B24C7A371B845FE900AF911E /* NSArray+MASAdditions.h */,
				B24C7A381B845FE900AF911E /* NSArray+MASAdditions.m */,
				B24C7A391B845FE900AF911E /* NSArray+MASShorthandAdditions.h */,
				B24C7A3A1B845FE900AF911E /* NSLayoutConstraint+MASDebugAdditions.h */,
				B24C7A3B1B845FE900AF911E /* NSLayoutConstraint+MASDebugAdditions.m */,
				B24C7A3C1B845FE900AF911E /* View+MASAdditions.h */,
				B24C7A3D1B845FE900AF911E /* View+MASAdditions.m */,
				B24C7A3E1B845FE900AF911E /* View+MASShorthandAdditions.h */,
				B24C7A3F1B845FE900AF911E /* ViewController+MASAdditions.h */,
				B24C7A401B845FE900AF911E /* ViewController+MASAdditions.m */,
			);
			path = Masonry;
			sourceTree = "<group>";
		};
/* End PBXGroup section */

/* Begin PBXNativeTarget section */
		B24C79DD1B84203F00AF911E /* MAREDO */ = {
			isa = PBXNativeTarget;
			buildConfigurationList = B24C7A041B84204000AF911E /* Build configuration list for PBXNativeTarget "MAREDO" */;
			buildPhases = (
				B24C79DA1B84203F00AF911E /* Sources */,
				B24C79DB1B84203F00AF911E /* Frameworks */,
				B24C79DC1B84203F00AF911E /* Resources */,
			);
			buildRules = (
			);
			dependencies = (
			);
			name = MAREDO;
			productName = MAREDO;
			productReference = B24C79DE1B84203F00AF911E /* MAREDO.app */;
			productType = "com.apple.product-type.application";
		};
		B24C79F91B84204000AF911E /* MAREDOTests */ = {
			isa = PBXNativeTarget;
			buildConfigurationList = B24C7A071B84204000AF911E /* Build configuration list for PBXNativeTarget "MAREDOTests" */;
			buildPhases = (
				B24C79F61B84204000AF911E /* Sources */,
				B24C79F71B84204000AF911E /* Frameworks */,
				B24C79F81B84204000AF911E /* Resources */,
			);
			buildRules = (
			);
			dependencies = (
				B24C79FC1B84204000AF911E /* PBXTargetDependency */,
			);
			name = MAREDOTests;
			productName = MAREDOTests;
			productReference = B24C79FA1B84204000AF911E /* MAREDOTests.xctest */;
			productType = "com.apple.product-type.bundle.unit-test";
		};
/* End PBXNativeTarget section */

/* Begin PBXProject section */
		B24C79D61B84203F00AF911E /* Project object */ = {
			isa = PBXProject;
			attributes = {
				LastUpgradeCheck = 0640;
				ORGANIZATIONNAME = jijuncai;
				TargetAttributes = {
					B24C79DD1B84203F00AF911E = {
						CreatedOnToolsVersion = 6.4;
					};
					B24C79F91B84204000AF911E = {
						CreatedOnToolsVersion = 6.4;
						TestTargetID = B24C79DD1B84203F00AF911E;
					};
				};
			};
			buildConfigurationList = B24C79D91B84203F00AF911E /* Build configuration list for PBXProject "MAREDO" */;
			compatibilityVersion = "Xcode 3.2";
			developmentRegion = English;
			hasScannedForEncodings = 0;
			knownRegions = (
				en,
				Base,
			);
			mainGroup = B24C79D51B84203F00AF911E;
			productRefGroup = B24C79DF1B84203F00AF911E /* Products */;
			projectDirPath = "";
			projectRoot = "";
			targets = (
				B24C79DD1B84203F00AF911E /* MAREDO */,
				B24C79F91B84204000AF911E /* MAREDOTests */,
			);
		};
/* End PBXProject section */

/* Begin PBXResourcesBuildPhase section */
		B24C79DC1B84203F00AF911E /* Resources */ = {
			isa = PBXResourcesBuildPhase;
			buildActionMask = 2147483647;
			files = (
				B24C7A411B845FE900AF911E /* Info.plist in Resources */,
				B24C79F01B84203F00AF911E /* Main.storyboard in Resources */,
				B24C79F51B84203F00AF911E /* LaunchScreen.xib in Resources */,
				B24C79F21B84203F00AF911E /* Images.xcassets in Resources */,
			);
			runOnlyForDeploymentPostprocessing = 0;
		};
		B24C79F81B84204000AF911E /* Resources */ = {
			isa = PBXResourcesBuildPhase;
			buildActionMask = 2147483647;
			files = (
			);
			runOnlyForDeploymentPostprocessing = 0;
		};
/* End PBXResourcesBuildPhase section */

/* Begin PBXSourcesBuildPhase section */
		B24C79DA1B84203F00AF911E /* Sources */ = {
			isa = PBXSourcesBuildPhase;
			buildActionMask = 2147483647;
			files = (
				B24C7A1F1B845F4000AF911E /* instagramShoesInfoVC.m in Sources */,
				B24C79E71B84203F00AF911E /* AppDelegate.m in Sources */,
				B24C7A221B845F4000AF911E /* HomeTVC.m in Sources */,
				B24C7A0F1B84511A00AF911E /* LandingPageVC.m in Sources */,
				B24C7A421B845FE900AF911E /* MASCompositeConstraint.m in Sources */,
				B24C79EA1B84203F00AF911E /* MAREDO.xcdatamodeld in Sources */,
				B24C7A471B845FE900AF911E /* MASViewConstraint.m in Sources */,
				B24C7A4E1B8464BE00AF911E /* womenCVC.m in Sources */,
				B24C7A131B845F2C00AF911E /* CJADScrollView.m in Sources */,
				B24C7A4A1B845FE900AF911E /* View+MASAdditions.m in Sources */,
				B24C7A491B845FE900AF911E /* NSLayoutConstraint+MASDebugAdditions.m in Sources */,
				B24C7A451B845FE900AF911E /* MASLayoutConstraint.m in Sources */,
				B24C7A4B1B845FE900AF911E /* ViewController+MASAdditions.m in Sources */,
				B24C7A441B845FE900AF911E /* MASConstraintMaker.m in Sources */,
				B24C79E41B84203F00AF911E /* main.m in Sources */,
				B24C7A1E1B845F4000AF911E /* instagramCVC.m in Sources */,
				B24C7A201B845F4000AF911E /* menCVC.m in Sources */,
				B24C7A211B845F4000AF911E /* CollectionHeaderReusableView.m in Sources */,
				B24C7A481B845FE900AF911E /* NSArray+MASAdditions.m in Sources */,
				B24C7A461B845FE900AF911E /* MASViewAttribute.m in Sources */,
				B24C7A251B845FA600AF911E /* shoes.m in Sources */,
				B24C7A431B845FE900AF911E /* MASConstraint.m in Sources */,
			);
			runOnlyForDeploymentPostprocessing = 0;
		};
		B24C79F61B84204000AF911E /* Sources */ = {
			isa = PBXSourcesBuildPhase;
			buildActionMask = 2147483647;
			files = (
				B24C7A011B84204000AF911E /* MAREDOTests.m in Sources */,
			);
			runOnlyForDeploymentPostprocessing = 0;
		};
/* End PBXSourcesBuildPhase section */

/* Begin PBXTargetDependency section */
		B24C79FC1B84204000AF911E /* PBXTargetDependency */ = {
			isa = PBXTargetDependency;
			target = B24C79DD1B84203F00AF911E /* MAREDO */;
			targetProxy = B24C79FB1B84204000AF911E /* PBXContainerItemProxy */;
		};
/* End PBXTargetDependency section */

/* Begin PBXVariantGroup section */
		B24C79EE1B84203F00AF911E /* Main.storyboard */ = {
			isa = PBXVariantGroup;
			children = (
				B24C79EF1B84203F00AF911E /* Base */,
			);
			name = Main.storyboard;
			sourceTree = "<group>";
		};
		B24C79F31B84203F00AF911E /* LaunchScreen.xib */ = {
			isa = PBXVariantGroup;
			children = (
				B24C79F41B84203F00AF911E /* Base */,
			);
			name = LaunchScreen.xib;
			sourceTree = "<group>";
		};
/* End PBXVariantGroup section */

/* Begin XCBuildConfiguration section */
		B24C7A021B84204000AF911E /* Debug */ = {
			isa = XCBuildConfiguration;
			buildSettings = {
				ALWAYS_SEARCH_USER_PATHS = NO;
				CLANG_CXX_LANGUAGE_STANDARD = "gnu++0x";
				CLANG_CXX_LIBRARY = "libc++";
				CLANG_ENABLE_MODULES = YES;
				CLANG_ENABLE_OBJC_ARC = YES;
				CLANG_WARN_BOOL_CONVERSION = YES;
				CLANG_WARN_CONSTANT_CONVERSION = YES;
				CLANG_WARN_DIRECT_OBJC_ISA_USAGE = YES_ERROR;
				CLANG_WARN_EMPTY_BODY = YES;
				CLANG_WARN_ENUM_CONVERSION = YES;
				CLANG_WARN_INT_CONVERSION = YES;
				CLANG_WARN_OBJC_ROOT_CLASS = YES_ERROR;
				CLANG_WARN_UNREACHABLE_CODE = YES;
				CLANG_WARN__DUPLICATE_METHOD_MATCH = YES;
				"CODE_SIGN_IDENTITY[sdk=iphoneos*]" = "iPhone Developer";
				COPY_PHASE_STRIP = NO;
				DEBUG_INFORMATION_FORMAT = "dwarf-with-dsym";
				ENABLE_STRICT_OBJC_MSGSEND = YES;
				GCC_C_LANGUAGE_STANDARD = gnu99;
				GCC_DYNAMIC_NO_PIC = NO;
				GCC_NO_COMMON_BLOCKS = YES;
				GCC_OPTIMIZATION_LEVEL = 0;
				GCC_PREPROCESSOR_DEFINITIONS = (
					"DEBUG=1",
					"$(inherited)",
				);
				GCC_SYMBOLS_PRIVATE_EXTERN = NO;
				GCC_WARN_64_TO_32_BIT_CONVERSION = YES;
				GCC_WARN_ABOUT_RETURN_TYPE = YES_ERROR;
				GCC_WARN_UNDECLARED_SELECTOR = YES;
				GCC_WARN_UNINITIALIZED_AUTOS = YES_AGGRESSIVE;
				GCC_WARN_UNUSED_FUNCTION = YES;
				GCC_WARN_UNUSED_VARIABLE = YES;
				IPHONEOS_DEPLOYMENT_TARGET = 8.4;
				MTL_ENABLE_DEBUG_INFO = YES;
				ONLY_ACTIVE_ARCH = YES;
				SDKROOT = iphoneos;
				TARGETED_DEVICE_FAMILY = "1,2";
			};
			name = Debug;
		};
		B24C7A031B84204000AF911E /* Release */ = {
			isa = XCBuildConfiguration;
			buildSettings = {
				ALWAYS_SEARCH_USER_PATHS = NO;
				CLANG_CXX_LANGUAGE_STANDARD = "gnu++0x";
				CLANG_CXX_LIBRARY = "libc++";
				CLANG_ENABLE_MODULES = YES;
				CLANG_ENABLE_OBJC_ARC = YES;
				CLANG_WARN_BOOL_CONVERSION = YES;
				CLANG_WARN_CONSTANT_CONVERSION = YES;
				CLANG_WARN_DIRECT_OBJC_ISA_USAGE = YES_ERROR;
				CLANG_WARN_EMPTY_BODY = YES;
				CLANG_WARN_ENUM_CONVERSION = YES;
				CLANG_WARN_INT_CONVERSION = YES;
				CLANG_WARN_OBJC_ROOT_CLASS = YES_ERROR;
				CLANG_WARN_UNREACHABLE_CODE = YES;
				CLANG_WARN__DUPLICATE_METHOD_MATCH = YES;
				"CODE_SIGN_IDENTITY[sdk=iphoneos*]" = "iPhone Developer";
				COPY_PHASE_STRIP = NO;
				DEBUG_INFORMATION_FORMAT = "dwarf-with-dsym";
				ENABLE_NS_ASSERTIONS = NO;
				ENABLE_STRICT_OBJC_MSGSEND = YES;
				GCC_C_LANGUAGE_STANDARD = gnu99;
				GCC_NO_COMMON_BLOCKS = YES;
				GCC_WARN_64_TO_32_BIT_CONVERSION = YES;
				GCC_WARN_ABOUT_RETURN_TYPE = YES_ERROR;
				GCC_WARN_UNDECLARED_SELECTOR = YES;
				GCC_WARN_UNINITIALIZED_AUTOS = YES_AGGRESSIVE;
				GCC_WARN_UNUSED_FUNCTION = YES;
				GCC_WARN_UNUSED_VARIABLE = YES;
				IPHONEOS_DEPLOYMENT_TARGET = 8.4;
				MTL_ENABLE_DEBUG_INFO = NO;
				SDKROOT = iphoneos;
				TARGETED_DEVICE_FAMILY = "1,2";
				VALIDATE_PRODUCT = YES;
			};
			name = Release;
		};
		B24C7A051B84204000AF911E /* Debug */ = {
			isa = XCBuildConfiguration;
			buildSettings = {
				ASSETCATALOG_COMPILER_APPICON_NAME = AppIcon;
				INFOPLIST_FILE = MAREDO/Info.plist;
				LD_RUNPATH_SEARCH_PATHS = "$(inherited) @executable_path/Frameworks";
				PRODUCT_NAME = "$(TARGET_NAME)";
			};
			name = Debug;
		};
		B24C7A061B84204000AF911E /* Release */ = {
			isa = XCBuildConfiguration;
			buildSettings = {
				ASSETCATALOG_COMPILER_APPICON_NAME = AppIcon;
				INFOPLIST_FILE = MAREDO/Info.plist;
				LD_RUNPATH_SEARCH_PATHS = "$(inherited) @executable_path/Frameworks";
				PRODUCT_NAME = "$(TARGET_NAME)";
			};
			name = Release;
		};
		B24C7A081B84204000AF911E /* Debug */ = {
			isa = XCBuildConfiguration;
			buildSettings = {
				BUNDLE_LOADER = "$(TEST_HOST)";
				FRAMEWORK_SEARCH_PATHS = (
					"$(SDKROOT)/Developer/Library/Frameworks",
					"$(inherited)",
				);
				GCC_PREPROCESSOR_DEFINITIONS = (
					"DEBUG=1",
					"$(inherited)",
				);
				INFOPLIST_FILE = MAREDOTests/Info.plist;
				LD_RUNPATH_SEARCH_PATHS = "$(inherited) @executable_path/Frameworks @loader_path/Frameworks";
				PRODUCT_NAME = "$(TARGET_NAME)";
				TEST_HOST = "$(BUILT_PRODUCTS_DIR)/MAREDO.app/MAREDO";
			};
			name = Debug;
		};
		B24C7A091B84204000AF911E /* Release */ = {
			isa = XCBuildConfiguration;
			buildSettings = {
				BUNDLE_LOADER = "$(TEST_HOST)";
				FRAMEWORK_SEARCH_PATHS = (
					"$(SDKROOT)/Developer/Library/Frameworks",
					"$(inherited)",
				);
				INFOPLIST_FILE = MAREDOTests/Info.plist;
				LD_RUNPATH_SEARCH_PATHS = "$(inherited) @executable_path/Frameworks @loader_path/Frameworks";
				PRODUCT_NAME = "$(TARGET_NAME)";
				TEST_HOST = "$(BUILT_PRODUCTS_DIR)/MAREDO.app/MAREDO";
			};
			name = Release;
		};
/* End XCBuildConfiguration section */

/* Begin XCConfigurationList section */
		B24C79D91B84203F00AF911E /* Build configuration list for PBXProject "MAREDO" */ = {
			isa = XCConfigurationList;
			buildConfigurations = (
				B24C7A021B84204000AF911E /* Debug */,
				B24C7A031B84204000AF911E /* Release */,
			);
			defaultConfigurationIsVisible = 0;
			defaultConfigurationName = Release;
		};
		B24C7A041B84204000AF911E /* Build configuration list for PBXNativeTarget "MAREDO" */ = {
			isa = XCConfigurationList;
			buildConfigurations = (
				B24C7A051B84204000AF911E /* Debug */,
				B24C7A061B84204000AF911E /* Release */,
			);
			defaultConfigurationIsVisible = 0;
			defaultConfigurationName = Release;
		};
		B24C7A071B84204000AF911E /* Build configuration list for PBXNativeTarget "MAREDOTests" */ = {
			isa = XCConfigurationList;
			buildConfigurations = (
				B24C7A081B84204000AF911E /* Debug */,
				B24C7A091B84204000AF911E /* Release */,
			);
			defaultConfigurationIsVisible = 0;
			defaultConfigurationName = Release;
		};
/* End XCConfigurationList section */

/* Begin XCVersionGroup section */
		B24C79E81B84203F00AF911E /* MAREDO.xcdatamodeld */ = {
			isa = XCVersionGroup;
			children = (
				B24C79E91B84203F00AF911E /* MAREDO.xcdatamodel */,
			);
			currentVersion = B24C79E91B84203F00AF911E /* MAREDO.xcdatamodel */;
			path = MAREDO.xcdatamodeld;
			sourceTree = "<group>";
			versionGroupType = wrapper.xcdatamodel;
		};
/* End XCVersionGroup section */
	};
	rootObject = B24C79D61B84203F00AF911E /* Project object */;
}
